
Microsoft Visual Studio Solution File, Format Version 12.00
# Visual Studio Version 17
VisualStudioVersion = 17.9.34622.214
MinimumVisualStudioVersion = 10.0.40219.1
Project("{9A19103F-16F7-4668-BE54-9A1E7A4F7556}") = "BookyApp", "BookyApp\BookyApp.csproj", "{06E05D99-65C7-4E21-87DC-D2E71C28CD20}"
EndProject
Project("{9A19103F-16F7-4668-BE54-9A1E7A4F7556}") = "WorkerService", "WorkerService\WorkerService.csproj", "{BA495B66-B7BF-452E-8643-3E9BF20015EC}"
EndProject
Project("{FAE04EC0-301F-11D3-BF4B-00C04F79EFBC}") = "SignalRServer", "SignalRServer\SignalRServer.csproj", "{F763BAEC-87CA-4375-82A3-6037CC3A3BD8}"
EndProject
Global
	GlobalSection(SolutionConfigurationPlatforms) = preSolution
		Debug|Any CPU = Debug|Any CPU
		Release|Any CPU = Release|Any CPU
	EndGlobalSection
	GlobalSection(ProjectConfigurationPlatforms) = postSolution
		{06E05D99-65C7-4E21-87DC-D2E71C28CD20}.Debug|Any CPU.ActiveCfg = Debug|Any CPU
		{06E05D99-65C7-4E21-87DC-D2E71C28CD20}.Debug|Any CPU.Build.0 = Debug|Any CPU
		{06E05D99-65C7-4E21-87DC-D2E71C28CD20}.Release|Any CPU.ActiveCfg = Release|Any CPU
		{06E05D99-65C7-4E21-87DC-D2E71C28CD20}.Release|Any CPU.Build.0 = Release|Any CPU
		{BA495B66-B7BF-452E-8643-3E9BF20015EC}.Debug|Any CPU.ActiveCfg = Debug|Any CPU
		{BA495B66-B7BF-452E-8643-3E9BF20015EC}.Debug|Any CPU.Build.0 = Debug|Any CPU
		{BA495B66-B7BF-452E-8643-3E9BF20015EC}.Release|Any CPU.ActiveCfg = Release|Any CPU
		{BA495B66-B7BF-452E-8643-3E9BF20015EC}.Release|Any CPU.Build.0 = Release|Any CPU
		{F763BAEC-87CA-4375-82A3-6037CC3A3BD8}.Debug|Any CPU.ActiveCfg = Debug|Any CPU
		{F763BAEC-87CA-4375-82A3-6037CC3A3BD8}.Debug|Any CPU.Build.0 = Debug|Any CPU
		{F763BAEC-87CA-4375-82A3-6037CC3A3BD8}.Release|Any CPU.ActiveCfg = Release|Any CPU
		{F763BAEC-87CA-4375-82A3-6037CC3A3BD8}.Release|Any CPU.Build.0 = Release|Any CPU
	EndGlobalSection
	GlobalSection(SolutionProperties) = preSolution
		HideSolutionNode = FALSE
	EndGlobalSection
	GlobalSection(ExtensibilityGlobals) = postSolution
		SolutionGuid = {9AA6C4FB-3B5E-4D2D-858F-8BB6EA26CE7C}
	EndGlobalSection
EndGlobal
